
Microsoft Visual Studio Solution File, Format Version 12.00
# Visual Studio 15
VisualStudioVersion = 15.0.28307.168
MinimumVisualStudioVersion = 10.0.40219.1
Project("{FAE04EC0-301F-11D3-BF4B-00C04F79EFBC}") = "Casting", "Cast\Casting.csproj", "{F0C1EEEE-D01A-47CD-AED1-D0AE2784F618}"
EndProject
Project("{FAE04EC0-301F-11D3-BF4B-00C04F79EFBC}") = "Event", "Event\Event.csproj", "{3632468E-E911-4A9B-B087-381457467F8C}"
EndProject
Project("{FAE04EC0-301F-11D3-BF4B-00C04F79EFBC}") = "Operator", "Operator\Operator.csproj", "{32FB7D86-B951-49E5-9092-F8D2F40A9A3F}"
EndProject
Project("{FAE04EC0-301F-11D3-BF4B-00C04F79EFBC}") = "Override", "Override\Override.csproj", "{48E28AB7-7A89-4D74-9AF0-87855107BE38}"
EndProject
Project("{FAE04EC0-301F-11D3-BF4B-00C04F79EFBC}") = "Responsiveness", "Responsiveness\Responsiveness.csproj", "{138356B1-EDA1-4BBF-8326-BA13F2395DEF}"
EndProject
Project("{FAE04EC0-301F-11D3-BF4B-00C04F79EFBC}") = "BindingTest", "BindingTest\BindingTest.csproj", "{AD48EF2B-9B13-4B4F-99C3-FBCF85262CDE}"
EndProject
Project("{FAE04EC0-301F-11D3-BF4B-00C04F79EFBC}") = "Explicit", "Explicit\Explicit.csproj", "{1F18E6C3-C7A5-48B2-9C88-16F08919F794}"
EndProject
Project("{FAE04EC0-301F-11D3-BF4B-00C04F79EFBC}") = "Implicit", "Implicit\Implicit.csproj", "{72BA85EA-FC82-41E8-B19F-E4E25E830127}"
EndProject
Project("{FAE04EC0-301F-11D3-BF4B-00C04F79EFBC}") = "Delegate", "Delegate\Delegate.csproj", "{56AFAAB9-9E98-429D-996C-1F4DB453C7B9}"
EndProject
Project("{FAE04EC0-301F-11D3-BF4B-00C04F79EFBC}") = "LINQ", "LINQ\LINQ.csproj", "{82FD91A8-C378-43B3-B0A3-391EEBD03EB4}"
EndProject
Project("{FAE04EC0-301F-11D3-BF4B-00C04F79EFBC}") = "Parallelism", "Parallel\Parallelism.csproj", "{D5B331C3-298E-4B8E-AB2D-685392709730}"
EndProject
Project("{FAE04EC0-301F-11D3-BF4B-00C04F79EFBC}") = "Cancellationtoken", "Cancellationtoken\Cancellationtoken.csproj", "{164A7B76-4EB2-415A-8FE2-E1A0986FDF11}"
EndProject
Project("{FAE04EC0-301F-11D3-BF4B-00C04F79EFBC}") = "Exception", "Exception\Exception.csproj", "{A7EF628C-D216-48CD-B073-3E82D73AED68}"
EndProject
Project("{FAE04EC0-301F-11D3-BF4B-00C04F79EFBC}") = "Tasks", "Tasks\Tasks.csproj", "{1619E44C-7911-4151-AD16-2808CE99575F}"
EndProject
Project("{FAE04EC0-301F-11D3-BF4B-00C04F79EFBC}") = "Parameter", "Parameter\Parameter.csproj", "{6B5A6401-0E12-4202-9731-0216C773F445}"
EndProject
Project("{FAE04EC0-301F-11D3-BF4B-00C04F79EFBC}") = "Interfaces", "Interfaces\Interfaces.csproj", "{CEBB7092-F270-42CA-86DC-786663F9DEA9}"
EndProject
Project("{FAE04EC0-301F-11D3-BF4B-00C04F79EFBC}") = "Enums", "Emums\Enums.csproj", "{D33BE4FA-2D01-43D6-931F-4D8F6C787CCD}"
EndProject
Project("{FAE04EC0-301F-11D3-BF4B-00C04F79EFBC}") = "Structs", "Structs\Structs.csproj", "{22E736DE-B761-4596-9387-1BB8ABC775AB}"
EndProject
Project("{FAE04EC0-301F-11D3-BF4B-00C04F79EFBC}") = "Commands", "Commands\Commands.csproj", "{FA1F8B65-4899-4386-8733-27704B18069C}"
EndProject
Project("{FAE04EC0-301F-11D3-BF4B-00C04F79EFBC}") = "DependencyObject", "DependencyObject\DependencyObject.csproj", "{177545FB-2D71-4A45-9118-89B4AC6AB115}"
EndProject
Project("{FAE04EC0-301F-11D3-BF4B-00C04F79EFBC}") = "BlockingCollection", "BlockingCollection\BlockingCollection.csproj", "{2886DD5B-0DEA-49B7-9AEE-12E58A6C2601}"
EndProject
Project("{FAE04EC0-301F-11D3-BF4B-00C04F79EFBC}") = "MemoryMappedFile_1", "MemoryMappedFile_1\MemoryMappedFile_1.csproj", "{859B95D3-92A9-46F6-932B-AB56E82B2C42}"
EndProject
Project("{FAE04EC0-301F-11D3-BF4B-00C04F79EFBC}") = "MemoryMappedFile_2", "MemoryMappedFile_2\MemoryMappedFile_2.csproj", "{004B8410-7608-44C4-992C-E4003B791C57}"
EndProject
Project("{FAE04EC0-301F-11D3-BF4B-00C04F79EFBC}") = "Destructor", "Destructor\Destructor.csproj", "{C24B8060-2F25-48FE-848A-344692D3988C}"
EndProject
Project("{FAE04EC0-301F-11D3-BF4B-00C04F79EFBC}") = "FactoryPattern", "FactoryPattern\FactoryPattern.csproj", "{FA63D7D4-8AE2-4407-9D0A-CFAE458FF881}"
EndProject
Project("{FAE04EC0-301F-11D3-BF4B-00C04F79EFBC}") = "UnitTestProject", "UnitTestProject\UnitTestProject.csproj", "{B46E50FA-1A43-49BE-BE8B-27F744DACC5E}"
EndProject
Project("{FAE04EC0-301F-11D3-BF4B-00C04F79EFBC}") = "TestProject", "TestProject\TestProject.csproj", "{1DB8CF19-6612-4DE2-BFED-2CC2A566A8D5}"
EndProject
Project("{FAE04EC0-301F-11D3-BF4B-00C04F79EFBC}") = "Yield", "Yield\Yield.csproj", "{222543BD-0259-4EED-ACEF-97A1892AB56A}"
EndProject
Project("{FAE04EC0-301F-11D3-BF4B-00C04F79EFBC}") = "ADO", "ADO\ADO.csproj", "{05681C4D-159E-487D-8574-6A477FB05D38}"
EndProject
Project("{FAE04EC0-301F-11D3-BF4B-00C04F79EFBC}") = "StrategyPattern", "StrategyPattern\StrategyPattern.csproj", "{CEDE8E42-04D9-4A5A-824A-F0BDE0CC10F3}"
EndProject
Project("{FAE04EC0-301F-11D3-BF4B-00C04F79EFBC}") = "DecorativePattern", "DecorativePattern\DecorativePattern.csproj", "{7BB9E98D-3A57-49D9-88EE-50C7DDCFFFA5}"
EndProject
Project("{FAE04EC0-301F-11D3-BF4B-00C04F79EFBC}") = "CommandPattern", "CommandPattern\CommandPattern.csproj", "{F9060B8B-E308-4CB5-AAC7-8B9D7FA2B0EF}"
EndProject
Project("{2150E333-8FDC-42A3-9474-1A3956D46DE8}") = "DesignPatterns", "DesignPatterns", "{7C9CD44B-0E7E-44AD-A1B0-C4E5AF4DD155}"
EndProject
Project("{2150E333-8FDC-42A3-9474-1A3956D46DE8}") = "Keywords", "Keywords", "{5C3DCEF7-7280-4828-A02E-E3C30CB7B767}"
EndProject
Project("{FAE04EC0-301F-11D3-BF4B-00C04F79EFBC}") = "FacadePattern", "FacadePattern\FacadePattern.csproj", "{15BB3A09-A198-4695-8C8F-9AE6CF27CF3C}"
EndProject
Project("{FAE04EC0-301F-11D3-BF4B-00C04F79EFBC}") = "SingletonPattern", "SingletonPattern\SingletonPattern.csproj", "{8007D967-CA7C-4731-914A-76F1C28F3FED}"
EndProject
Project("{FAE04EC0-301F-11D3-BF4B-00C04F79EFBC}") = "ObserverPattern", "ObserverPattern\ObserverPattern.csproj", "{00087801-B38A-4C2F-908C-B33B0F4F9478}"
EndProject
Project("{FAE04EC0-301F-11D3-BF4B-00C04F79EFBC}") = "RepositoryPattern", "RepositoryPattern\RepositoryPattern.csproj", "{BA0D3EE9-F8AE-4AAE-B691-8B2558F1DEAF}"
EndProject
Project("{FAE04EC0-301F-11D3-BF4B-00C04F79EFBC}") = "MyRegex", "Regex\MyRegex.csproj", "{2BBBF500-770E-4FF3-921B-044FD104E209}"
EndProject
Project("{FAE04EC0-301F-11D3-BF4B-00C04F79EFBC}") = "Overloading", "Overloading\Overloading.csproj", "{42482F95-083C-4256-B895-7DD1BEE8E83F}"
EndProject
Project("{2150E333-8FDC-42A3-9474-1A3956D46DE8}") = "UnitTesting", "UnitTesting", "{034317D7-D2CB-478B-BB2F-A89C7742DFD2}"
	ProjectSection(SolutionItems) = preProject
		Info.txt = Info.txt
	EndProjectSection
EndProject
Project("{FAE04EC0-301F-11D3-BF4B-00C04F79EFBC}") = "LazyLoading", "LazyLoading\LazyLoading.csproj", "{41EC787E-B0AB-4C3B-AD72-3BD63DAD2FA2}"
EndProject
Project("{2150E333-8FDC-42A3-9474-1A3956D46DE8}") = "WPF", "WPF", "{67D801F1-5398-41A3-8A62-E057354BFE47}"
EndProject
Project("{2150E333-8FDC-42A3-9474-1A3956D46DE8}") = "DLL", "DLL", "{5D01CD82-7534-4DEE-8E29-E62F8AA129A5}"
EndProject
Project("{9A19103F-16F7-4668-BE54-9A1E7A4F7556}") = "MyClassLibrary", "MyClassLibrary\MyClassLibrary.csproj", "{F87265AD-3717-41B4-BCF0-BCFD13832710}"
EndProject
Project("{FAE04EC0-301F-11D3-BF4B-00C04F79EFBC}") = "MyClient", "MyClient\MyClient.csproj", "{BBD3CFA1-3444-4E24-A3FB-52B6EF054694}"
EndProject
Project("{FAE04EC0-301F-11D3-BF4B-00C04F79EFBC}") = "Indexer", "Indexer\Indexer.csproj", "{92535115-4D4C-4B9D-982D-8B22E1D56842}"
EndProject
Project("{FAE04EC0-301F-11D3-BF4B-00C04F79EFBC}") = "BitwiseOperators", "BitwiseOperators\BitwiseOperators.csproj", "{0DF0C510-32DB-44D8-B174-4DC6CCF17408}"
EndProject
Project("{FAE04EC0-301F-11D3-BF4B-00C04F79EFBC}") = "NullHandlers", "NullHandlers\NullHandlers.csproj", "{0A70726F-D56E-4BD6-99E9-283600852313}"
EndProject
Project("{FAE04EC0-301F-11D3-BF4B-00C04F79EFBC}") = "Partial", "Partial\Partial.csproj", "{33937BAE-2FA1-48E8-8C8B-F4A1682F0494}"
EndProject
Project("{FAE04EC0-301F-11D3-BF4B-00C04F79EFBC}") = "AutoMapping", "AutoMapper\AutoMapping.csproj", "{62B59FA0-E6E6-4F3C-829C-18B0CF7B3E39}"
EndProject
Project("{FAE04EC0-301F-11D3-BF4B-00C04F79EFBC}") = "MaybeOptional", "MaybeOptional\MaybeOptional.csproj", "{8BD3B0D8-6DAB-48FF-A096-42976ED18D92}"
EndProject
Project("{FAE04EC0-301F-11D3-BF4B-00C04F79EFBC}") = "Multi_Inheritance", "Multi_Inheritance\Multi_Inheritance.csproj", "{601CE516-4E8B-4BA3-A554-12C8B77B2CFC}"
EndProject
Project("{FAE04EC0-301F-11D3-BF4B-00C04F79EFBC}") = "Attributes", "Attributes\Attributes.csproj", "{3B1D0806-4616-4AFF-9CA4-A1C7AF415105}"
EndProject
Project("{FAE04EC0-301F-11D3-BF4B-00C04F79EFBC}") = "ChainOfResponsibility", "ChainOfResponsibility\ChainOfResponsibility.csproj", "{F9D90149-B35A-4C21-98E1-AF87B076FFEF}"
EndProject
Project("{FAE04EC0-301F-11D3-BF4B-00C04F79EFBC}") = "Arrays", "Arrays\Arrays.csproj", "{DBF3A1FA-D20A-4D10-8F81-6F2FF469376B}"
EndProject
Project("{FAE04EC0-301F-11D3-BF4B-00C04F79EFBC}") = "COM", "COM\COM.csproj", "{E9CCBF83-74AA-4B65-9484-68449C3FF456}"
EndProject
Project("{FAE04EC0-301F-11D3-BF4B-00C04F79EFBC}") = "Dynamic", "Dynamics\Dynamic.csproj", "{A84BAD7C-9A0D-440E-8836-A678305822A0}"
EndProject
Project("{2150E333-8FDC-42A3-9474-1A3956D46DE8}") = "DesignPrinciples", "DesignPrinciples", "{CB557DB7-EB70-4646-8F07-55551BA6C0C6}"
EndProject
Project("{2150E333-8FDC-42A3-9474-1A3956D46DE8}") = "SOLID", "SOLID", "{256057FC-70D8-4B16-84DE-42E8A095860A}"
	ProjectSection(SolutionItems) = preProject
		SOLID.txt = SOLID.txt
	EndProjectSection
EndProject
Project("{FAE04EC0-301F-11D3-BF4B-00C04F79EFBC}") = "__L", "L\__L.csproj", "{1B0A1C99-516A-4507-819D-BD917D11E489}"
EndProject
Project("{FAE04EC0-301F-11D3-BF4B-00C04F79EFBC}") = "_I", "I\_I.csproj", "{E65B4431-BD2F-4E0E-8C9A-8A2E914D1A78}"
EndProject
Project("{FAE04EC0-301F-11D3-BF4B-00C04F79EFBC}") = "D", "D\D.csproj", "{DC4F883D-3B14-4052-B74B-476853BB35C6}"
EndProject
Project("{FAE04EC0-301F-11D3-BF4B-00C04F79EFBC}") = "___O", "O\___O.csproj", "{E38632D0-B26F-4D13-973D-94505805B39C}"
EndProject
Project("{FAE04EC0-301F-11D3-BF4B-00C04F79EFBC}") = "_____S", "_____S\_____S.csproj", "{937348E8-A8F5-43DC-B8BF-F8A7028D612E}"
EndProject
Global
	GlobalSection(SolutionConfigurationPlatforms) = preSolution
		Debug|Any CPU = Debug|Any CPU
		Release|Any CPU = Release|Any CPU
	EndGlobalSection
	GlobalSection(ProjectConfigurationPlatforms) = postSolution
		{F0C1EEEE-D01A-47CD-AED1-D0AE2784F618}.Debug|Any CPU.ActiveCfg = Debug|Any CPU
		{F0C1EEEE-D01A-47CD-AED1-D0AE2784F618}.Debug|Any CPU.Build.0 = Debug|Any CPU
		{F0C1EEEE-D01A-47CD-AED1-D0AE2784F618}.Release|Any CPU.ActiveCfg = Release|Any CPU
		{F0C1EEEE-D01A-47CD-AED1-D0AE2784F618}.Release|Any CPU.Build.0 = Release|Any CPU
		{3632468E-E911-4A9B-B087-381457467F8C}.Debug|Any CPU.ActiveCfg = Debug|Any CPU
		{3632468E-E911-4A9B-B087-381457467F8C}.Debug|Any CPU.Build.0 = Debug|Any CPU
		{3632468E-E911-4A9B-B087-381457467F8C}.Release|Any CPU.ActiveCfg = Release|Any CPU
		{3632468E-E911-4A9B-B087-381457467F8C}.Release|Any CPU.Build.0 = Release|Any CPU
		{32FB7D86-B951-49E5-9092-F8D2F40A9A3F}.Debug|Any CPU.ActiveCfg = Debug|Any CPU
		{32FB7D86-B951-49E5-9092-F8D2F40A9A3F}.Debug|Any CPU.Build.0 = Debug|Any CPU
		{32FB7D86-B951-49E5-9092-F8D2F40A9A3F}.Release|Any CPU.ActiveCfg = Release|Any CPU
		{32FB7D86-B951-49E5-9092-F8D2F40A9A3F}.Release|Any CPU.Build.0 = Release|Any CPU
		{48E28AB7-7A89-4D74-9AF0-87855107BE38}.Debug|Any CPU.ActiveCfg = Debug|Any CPU
		{48E28AB7-7A89-4D74-9AF0-87855107BE38}.Debug|Any CPU.Build.0 = Debug|Any CPU
		{48E28AB7-7A89-4D74-9AF0-87855107BE38}.Release|Any CPU.ActiveCfg = Release|Any CPU
		{48E28AB7-7A89-4D74-9AF0-87855107BE38}.Release|Any CPU.Build.0 = Release|Any CPU
		{138356B1-EDA1-4BBF-8326-BA13F2395DEF}.Debug|Any CPU.ActiveCfg = Debug|Any CPU
		{138356B1-EDA1-4BBF-8326-BA13F2395DEF}.Debug|Any CPU.Build.0 = Debug|Any CPU
		{138356B1-EDA1-4BBF-8326-BA13F2395DEF}.Release|Any CPU.ActiveCfg = Release|Any CPU
		{138356B1-EDA1-4BBF-8326-BA13F2395DEF}.Release|Any CPU.Build.0 = Release|Any CPU
		{AD48EF2B-9B13-4B4F-99C3-FBCF85262CDE}.Debug|Any CPU.ActiveCfg = Debug|Any CPU
		{AD48EF2B-9B13-4B4F-99C3-FBCF85262CDE}.Debug|Any CPU.Build.0 = Debug|Any CPU
		{AD48EF2B-9B13-4B4F-99C3-FBCF85262CDE}.Release|Any CPU.ActiveCfg = Release|Any CPU
		{AD48EF2B-9B13-4B4F-99C3-FBCF85262CDE}.Release|Any CPU.Build.0 = Release|Any CPU
		{1F18E6C3-C7A5-48B2-9C88-16F08919F794}.Debug|Any CPU.ActiveCfg = Debug|Any CPU
		{1F18E6C3-C7A5-48B2-9C88-16F08919F794}.Debug|Any CPU.Build.0 = Debug|Any CPU
		{1F18E6C3-C7A5-48B2-9C88-16F08919F794}.Release|Any CPU.ActiveCfg = Release|Any CPU
		{1F18E6C3-C7A5-48B2-9C88-16F08919F794}.Release|Any CPU.Build.0 = Release|Any CPU
		{72BA85EA-FC82-41E8-B19F-E4E25E830127}.Debug|Any CPU.ActiveCfg = Debug|Any CPU
		{72BA85EA-FC82-41E8-B19F-E4E25E830127}.Debug|Any CPU.Build.0 = Debug|Any CPU
		{72BA85EA-FC82-41E8-B19F-E4E25E830127}.Release|Any CPU.ActiveCfg = Release|Any CPU
		{72BA85EA-FC82-41E8-B19F-E4E25E830127}.Release|Any CPU.Build.0 = Release|Any CPU
		{56AFAAB9-9E98-429D-996C-1F4DB453C7B9}.Debug|Any CPU.ActiveCfg = Debug|Any CPU
		{56AFAAB9-9E98-429D-996C-1F4DB453C7B9}.Debug|Any CPU.Build.0 = Debug|Any CPU
		{56AFAAB9-9E98-429D-996C-1F4DB453C7B9}.Release|Any CPU.ActiveCfg = Release|Any CPU
		{56AFAAB9-9E98-429D-996C-1F4DB453C7B9}.Release|Any CPU.Build.0 = Release|Any CPU
		{82FD91A8-C378-43B3-B0A3-391EEBD03EB4}.Debug|Any CPU.ActiveCfg = Debug|Any CPU
		{82FD91A8-C378-43B3-B0A3-391EEBD03EB4}.Debug|Any CPU.Build.0 = Debug|Any CPU
		{82FD91A8-C378-43B3-B0A3-391EEBD03EB4}.Release|Any CPU.ActiveCfg = Release|Any CPU
		{82FD91A8-C378-43B3-B0A3-391EEBD03EB4}.Release|Any CPU.Build.0 = Release|Any CPU
		{D5B331C3-298E-4B8E-AB2D-685392709730}.Debug|Any CPU.ActiveCfg = Debug|Any CPU
		{D5B331C3-298E-4B8E-AB2D-685392709730}.Debug|Any CPU.Build.0 = Debug|Any CPU
		{D5B331C3-298E-4B8E-AB2D-685392709730}.Release|Any CPU.ActiveCfg = Release|Any CPU
		{D5B331C3-298E-4B8E-AB2D-685392709730}.Release|Any CPU.Build.0 = Release|Any CPU
		{164A7B76-4EB2-415A-8FE2-E1A0986FDF11}.Debug|Any CPU.ActiveCfg = Debug|Any CPU
		{164A7B76-4EB2-415A-8FE2-E1A0986FDF11}.Debug|Any CPU.Build.0 = Debug|Any CPU
		{164A7B76-4EB2-415A-8FE2-E1A0986FDF11}.Release|Any CPU.ActiveCfg = Release|Any CPU
		{164A7B76-4EB2-415A-8FE2-E1A0986FDF11}.Release|Any CPU.Build.0 = Release|Any CPU
		{A7EF628C-D216-48CD-B073-3E82D73AED68}.Debug|Any CPU.ActiveCfg = Debug|Any CPU
		{A7EF628C-D216-48CD-B073-3E82D73AED68}.Debug|Any CPU.Build.0 = Debug|Any CPU
		{A7EF628C-D216-48CD-B073-3E82D73AED68}.Release|Any CPU.ActiveCfg = Release|Any CPU
		{A7EF628C-D216-48CD-B073-3E82D73AED68}.Release|Any CPU.Build.0 = Release|Any CPU
		{1619E44C-7911-4151-AD16-2808CE99575F}.Debug|Any CPU.ActiveCfg = Debug|Any CPU
		{1619E44C-7911-4151-AD16-2808CE99575F}.Debug|Any CPU.Build.0 = Debug|Any CPU
		{1619E44C-7911-4151-AD16-2808CE99575F}.Release|Any CPU.ActiveCfg = Release|Any CPU
		{1619E44C-7911-4151-AD16-2808CE99575F}.Release|Any CPU.Build.0 = Release|Any CPU
		{6B5A6401-0E12-4202-9731-0216C773F445}.Debug|Any CPU.ActiveCfg = Debug|Any CPU
		{6B5A6401-0E12-4202-9731-0216C773F445}.Debug|Any CPU.Build.0 = Debug|Any CPU
		{6B5A6401-0E12-4202-9731-0216C773F445}.Release|Any CPU.ActiveCfg = Release|Any CPU
		{6B5A6401-0E12-4202-9731-0216C773F445}.Release|Any CPU.Build.0 = Release|Any CPU
		{CEBB7092-F270-42CA-86DC-786663F9DEA9}.Debug|Any CPU.ActiveCfg = Debug|Any CPU
		{CEBB7092-F270-42CA-86DC-786663F9DEA9}.Debug|Any CPU.Build.0 = Debug|Any CPU
		{CEBB7092-F270-42CA-86DC-786663F9DEA9}.Release|Any CPU.ActiveCfg = Release|Any CPU
		{CEBB7092-F270-42CA-86DC-786663F9DEA9}.Release|Any CPU.Build.0 = Release|Any CPU
		{D33BE4FA-2D01-43D6-931F-4D8F6C787CCD}.Debug|Any CPU.ActiveCfg = Debug|Any CPU
		{D33BE4FA-2D01-43D6-931F-4D8F6C787CCD}.Debug|Any CPU.Build.0 = Debug|Any CPU
		{D33BE4FA-2D01-43D6-931F-4D8F6C787CCD}.Release|Any CPU.ActiveCfg = Release|Any CPU
		{D33BE4FA-2D01-43D6-931F-4D8F6C787CCD}.Release|Any CPU.Build.0 = Release|Any CPU
		{22E736DE-B761-4596-9387-1BB8ABC775AB}.Debug|Any CPU.ActiveCfg = Debug|Any CPU
		{22E736DE-B761-4596-9387-1BB8ABC775AB}.Debug|Any CPU.Build.0 = Debug|Any CPU
		{22E736DE-B761-4596-9387-1BB8ABC775AB}.Release|Any CPU.ActiveCfg = Release|Any CPU
		{22E736DE-B761-4596-9387-1BB8ABC775AB}.Release|Any CPU.Build.0 = Release|Any CPU
		{FA1F8B65-4899-4386-8733-27704B18069C}.Debug|Any CPU.ActiveCfg = Debug|Any CPU
		{FA1F8B65-4899-4386-8733-27704B18069C}.Debug|Any CPU.Build.0 = Debug|Any CPU
		{FA1F8B65-4899-4386-8733-27704B18069C}.Release|Any CPU.ActiveCfg = Release|Any CPU
		{FA1F8B65-4899-4386-8733-27704B18069C}.Release|Any CPU.Build.0 = Release|Any CPU
		{177545FB-2D71-4A45-9118-89B4AC6AB115}.Debug|Any CPU.ActiveCfg = Debug|Any CPU
		{177545FB-2D71-4A45-9118-89B4AC6AB115}.Debug|Any CPU.Build.0 = Debug|Any CPU
		{177545FB-2D71-4A45-9118-89B4AC6AB115}.Release|Any CPU.ActiveCfg = Release|Any CPU
		{177545FB-2D71-4A45-9118-89B4AC6AB115}.Release|Any CPU.Build.0 = Release|Any CPU
		{2886DD5B-0DEA-49B7-9AEE-12E58A6C2601}.Debug|Any CPU.ActiveCfg = Debug|Any CPU
		{2886DD5B-0DEA-49B7-9AEE-12E58A6C2601}.Debug|Any CPU.Build.0 = Debug|Any CPU
		{2886DD5B-0DEA-49B7-9AEE-12E58A6C2601}.Release|Any CPU.ActiveCfg = Release|Any CPU
		{2886DD5B-0DEA-49B7-9AEE-12E58A6C2601}.Release|Any CPU.Build.0 = Release|Any CPU
		{859B95D3-92A9-46F6-932B-AB56E82B2C42}.Debug|Any CPU.ActiveCfg = Debug|Any CPU
		{859B95D3-92A9-46F6-932B-AB56E82B2C42}.Debug|Any CPU.Build.0 = Debug|Any CPU
		{859B95D3-92A9-46F6-932B-AB56E82B2C42}.Release|Any CPU.ActiveCfg = Release|Any CPU
		{859B95D3-92A9-46F6-932B-AB56E82B2C42}.Release|Any CPU.Build.0 = Release|Any CPU
		{004B8410-7608-44C4-992C-E4003B791C57}.Debug|Any CPU.ActiveCfg = Debug|Any CPU
		{004B8410-7608-44C4-992C-E4003B791C57}.Debug|Any CPU.Build.0 = Debug|Any CPU
		{004B8410-7608-44C4-992C-E4003B791C57}.Release|Any CPU.ActiveCfg = Release|Any CPU
		{004B8410-7608-44C4-992C-E4003B791C57}.Release|Any CPU.Build.0 = Release|Any CPU
		{C24B8060-2F25-48FE-848A-344692D3988C}.Debug|Any CPU.ActiveCfg = Debug|Any CPU
		{C24B8060-2F25-48FE-848A-344692D3988C}.Debug|Any CPU.Build.0 = Debug|Any CPU
		{C24B8060-2F25-48FE-848A-344692D3988C}.Release|Any CPU.ActiveCfg = Release|Any CPU
		{C24B8060-2F25-48FE-848A-344692D3988C}.Release|Any CPU.Build.0 = Release|Any CPU
		{FA63D7D4-8AE2-4407-9D0A-CFAE458FF881}.Debug|Any CPU.ActiveCfg = Debug|Any CPU
		{FA63D7D4-8AE2-4407-9D0A-CFAE458FF881}.Debug|Any CPU.Build.0 = Debug|Any CPU
		{FA63D7D4-8AE2-4407-9D0A-CFAE458FF881}.Release|Any CPU.ActiveCfg = Release|Any CPU
		{FA63D7D4-8AE2-4407-9D0A-CFAE458FF881}.Release|Any CPU.Build.0 = Release|Any CPU
		{B46E50FA-1A43-49BE-BE8B-27F744DACC5E}.Debug|Any CPU.ActiveCfg = Debug|Any CPU
		{B46E50FA-1A43-49BE-BE8B-27F744DACC5E}.Debug|Any CPU.Build.0 = Debug|Any CPU
		{B46E50FA-1A43-49BE-BE8B-27F744DACC5E}.Release|Any CPU.ActiveCfg = Release|Any CPU
		{B46E50FA-1A43-49BE-BE8B-27F744DACC5E}.Release|Any CPU.Build.0 = Release|Any CPU
		{1DB8CF19-6612-4DE2-BFED-2CC2A566A8D5}.Debug|Any CPU.ActiveCfg = Debug|Any CPU
		{1DB8CF19-6612-4DE2-BFED-2CC2A566A8D5}.Debug|Any CPU.Build.0 = Debug|Any CPU
		{1DB8CF19-6612-4DE2-BFED-2CC2A566A8D5}.Release|Any CPU.ActiveCfg = Release|Any CPU
		{1DB8CF19-6612-4DE2-BFED-2CC2A566A8D5}.Release|Any CPU.Build.0 = Release|Any CPU
		{222543BD-0259-4EED-ACEF-97A1892AB56A}.Debug|Any CPU.ActiveCfg = Debug|Any CPU
		{222543BD-0259-4EED-ACEF-97A1892AB56A}.Debug|Any CPU.Build.0 = Debug|Any CPU
		{222543BD-0259-4EED-ACEF-97A1892AB56A}.Release|Any CPU.ActiveCfg = Release|Any CPU
		{222543BD-0259-4EED-ACEF-97A1892AB56A}.Release|Any CPU.Build.0 = Release|Any CPU
		{05681C4D-159E-487D-8574-6A477FB05D38}.Debug|Any CPU.ActiveCfg = Debug|Any CPU
		{05681C4D-159E-487D-8574-6A477FB05D38}.Debug|Any CPU.Build.0 = Debug|Any CPU
		{05681C4D-159E-487D-8574-6A477FB05D38}.Release|Any CPU.ActiveCfg = Release|Any CPU
		{05681C4D-159E-487D-8574-6A477FB05D38}.Release|Any CPU.Build.0 = Release|Any CPU
		{CEDE8E42-04D9-4A5A-824A-F0BDE0CC10F3}.Debug|Any CPU.ActiveCfg = Debug|Any CPU
		{CEDE8E42-04D9-4A5A-824A-F0BDE0CC10F3}.Debug|Any CPU.Build.0 = Debug|Any CPU
		{CEDE8E42-04D9-4A5A-824A-F0BDE0CC10F3}.Release|Any CPU.ActiveCfg = Release|Any CPU
		{CEDE8E42-04D9-4A5A-824A-F0BDE0CC10F3}.Release|Any CPU.Build.0 = Release|Any CPU
		{7BB9E98D-3A57-49D9-88EE-50C7DDCFFFA5}.Debug|Any CPU.ActiveCfg = Debug|Any CPU
		{7BB9E98D-3A57-49D9-88EE-50C7DDCFFFA5}.Debug|Any CPU.Build.0 = Debug|Any CPU
		{7BB9E98D-3A57-49D9-88EE-50C7DDCFFFA5}.Release|Any CPU.ActiveCfg = Release|Any CPU
		{7BB9E98D-3A57-49D9-88EE-50C7DDCFFFA5}.Release|Any CPU.Build.0 = Release|Any CPU
		{F9060B8B-E308-4CB5-AAC7-8B9D7FA2B0EF}.Debug|Any CPU.ActiveCfg = Debug|Any CPU
		{F9060B8B-E308-4CB5-AAC7-8B9D7FA2B0EF}.Debug|Any CPU.Build.0 = Debug|Any CPU
		{F9060B8B-E308-4CB5-AAC7-8B9D7FA2B0EF}.Release|Any CPU.ActiveCfg = Release|Any CPU
		{F9060B8B-E308-4CB5-AAC7-8B9D7FA2B0EF}.Release|Any CPU.Build.0 = Release|Any CPU
		{15BB3A09-A198-4695-8C8F-9AE6CF27CF3C}.Debug|Any CPU.ActiveCfg = Debug|Any CPU
		{15BB3A09-A198-4695-8C8F-9AE6CF27CF3C}.Debug|Any CPU.Build.0 = Debug|Any CPU
		{15BB3A09-A198-4695-8C8F-9AE6CF27CF3C}.Release|Any CPU.ActiveCfg = Release|Any CPU
		{15BB3A09-A198-4695-8C8F-9AE6CF27CF3C}.Release|Any CPU.Build.0 = Release|Any CPU
		{8007D967-CA7C-4731-914A-76F1C28F3FED}.Debug|Any CPU.ActiveCfg = Debug|Any CPU
		{8007D967-CA7C-4731-914A-76F1C28F3FED}.Debug|Any CPU.Build.0 = Debug|Any CPU
		{8007D967-CA7C-4731-914A-76F1C28F3FED}.Release|Any CPU.ActiveCfg = Release|Any CPU
		{8007D967-CA7C-4731-914A-76F1C28F3FED}.Release|Any CPU.Build.0 = Release|Any CPU
		{00087801-B38A-4C2F-908C-B33B0F4F9478}.Debug|Any CPU.ActiveCfg = Debug|Any CPU
		{00087801-B38A-4C2F-908C-B33B0F4F9478}.Debug|Any CPU.Build.0 = Debug|Any CPU
		{00087801-B38A-4C2F-908C-B33B0F4F9478}.Release|Any CPU.ActiveCfg = Release|Any CPU
		{00087801-B38A-4C2F-908C-B33B0F4F9478}.Release|Any CPU.Build.0 = Release|Any CPU
		{BA0D3EE9-F8AE-4AAE-B691-8B2558F1DEAF}.Debug|Any CPU.ActiveCfg = Debug|Any CPU
		{BA0D3EE9-F8AE-4AAE-B691-8B2558F1DEAF}.Debug|Any CPU.Build.0 = Debug|Any CPU
		{BA0D3EE9-F8AE-4AAE-B691-8B2558F1DEAF}.Release|Any CPU.ActiveCfg = Release|Any CPU
		{BA0D3EE9-F8AE-4AAE-B691-8B2558F1DEAF}.Release|Any CPU.Build.0 = Release|Any CPU
		{2BBBF500-770E-4FF3-921B-044FD104E209}.Debug|Any CPU.ActiveCfg = Debug|Any CPU
		{2BBBF500-770E-4FF3-921B-044FD104E209}.Debug|Any CPU.Build.0 = Debug|Any CPU
		{2BBBF500-770E-4FF3-921B-044FD104E209}.Release|Any CPU.ActiveCfg = Release|Any CPU
		{2BBBF500-770E-4FF3-921B-044FD104E209}.Release|Any CPU.Build.0 = Release|Any CPU
		{42482F95-083C-4256-B895-7DD1BEE8E83F}.Debug|Any CPU.ActiveCfg = Debug|Any CPU
		{42482F95-083C-4256-B895-7DD1BEE8E83F}.Debug|Any CPU.Build.0 = Debug|Any CPU
		{42482F95-083C-4256-B895-7DD1BEE8E83F}.Release|Any CPU.ActiveCfg = Release|Any CPU
		{42482F95-083C-4256-B895-7DD1BEE8E83F}.Release|Any CPU.Build.0 = Release|Any CPU
		{41EC787E-B0AB-4C3B-AD72-3BD63DAD2FA2}.Debug|Any CPU.ActiveCfg = Debug|Any CPU
		{41EC787E-B0AB-4C3B-AD72-3BD63DAD2FA2}.Debug|Any CPU.Build.0 = Debug|Any CPU
		{41EC787E-B0AB-4C3B-AD72-3BD63DAD2FA2}.Release|Any CPU.ActiveCfg = Release|Any CPU
		{41EC787E-B0AB-4C3B-AD72-3BD63DAD2FA2}.Release|Any CPU.Build.0 = Release|Any CPU
		{F87265AD-3717-41B4-BCF0-BCFD13832710}.Debug|Any CPU.ActiveCfg = Debug|Any CPU
		{F87265AD-3717-41B4-BCF0-BCFD13832710}.Debug|Any CPU.Build.0 = Debug|Any CPU
		{F87265AD-3717-41B4-BCF0-BCFD13832710}.Release|Any CPU.ActiveCfg = Release|Any CPU
		{F87265AD-3717-41B4-BCF0-BCFD13832710}.Release|Any CPU.Build.0 = Release|Any CPU
		{BBD3CFA1-3444-4E24-A3FB-52B6EF054694}.Debug|Any CPU.ActiveCfg = Debug|Any CPU
		{BBD3CFA1-3444-4E24-A3FB-52B6EF054694}.Debug|Any CPU.Build.0 = Debug|Any CPU
		{BBD3CFA1-3444-4E24-A3FB-52B6EF054694}.Release|Any CPU.ActiveCfg = Release|Any CPU
		{BBD3CFA1-3444-4E24-A3FB-52B6EF054694}.Release|Any CPU.Build.0 = Release|Any CPU
		{92535115-4D4C-4B9D-982D-8B22E1D56842}.Debug|Any CPU.ActiveCfg = Debug|Any CPU
		{92535115-4D4C-4B9D-982D-8B22E1D56842}.Debug|Any CPU.Build.0 = Debug|Any CPU
		{92535115-4D4C-4B9D-982D-8B22E1D56842}.Release|Any CPU.ActiveCfg = Release|Any CPU
		{92535115-4D4C-4B9D-982D-8B22E1D56842}.Release|Any CPU.Build.0 = Release|Any CPU
		{0DF0C510-32DB-44D8-B174-4DC6CCF17408}.Debug|Any CPU.ActiveCfg = Debug|Any CPU
		{0DF0C510-32DB-44D8-B174-4DC6CCF17408}.Debug|Any CPU.Build.0 = Debug|Any CPU
		{0DF0C510-32DB-44D8-B174-4DC6CCF17408}.Release|Any CPU.ActiveCfg = Release|Any CPU
		{0DF0C510-32DB-44D8-B174-4DC6CCF17408}.Release|Any CPU.Build.0 = Release|Any CPU
		{0A70726F-D56E-4BD6-99E9-283600852313}.Debug|Any CPU.ActiveCfg = Debug|Any CPU
		{0A70726F-D56E-4BD6-99E9-283600852313}.Debug|Any CPU.Build.0 = Debug|Any CPU
		{0A70726F-D56E-4BD6-99E9-283600852313}.Release|Any CPU.ActiveCfg = Release|Any CPU
		{0A70726F-D56E-4BD6-99E9-283600852313}.Release|Any CPU.Build.0 = Release|Any CPU
		{33937BAE-2FA1-48E8-8C8B-F4A1682F0494}.Debug|Any CPU.ActiveCfg = Debug|Any CPU
		{33937BAE-2FA1-48E8-8C8B-F4A1682F0494}.Debug|Any CPU.Build.0 = Debug|Any CPU
		{33937BAE-2FA1-48E8-8C8B-F4A1682F0494}.Release|Any CPU.ActiveCfg = Release|Any CPU
		{33937BAE-2FA1-48E8-8C8B-F4A1682F0494}.Release|Any CPU.Build.0 = Release|Any CPU
		{62B59FA0-E6E6-4F3C-829C-18B0CF7B3E39}.Debug|Any CPU.ActiveCfg = Debug|Any CPU
		{62B59FA0-E6E6-4F3C-829C-18B0CF7B3E39}.Debug|Any CPU.Build.0 = Debug|Any CPU
		{62B59FA0-E6E6-4F3C-829C-18B0CF7B3E39}.Release|Any CPU.ActiveCfg = Release|Any CPU
		{62B59FA0-E6E6-4F3C-829C-18B0CF7B3E39}.Release|Any CPU.Build.0 = Release|Any CPU
		{8BD3B0D8-6DAB-48FF-A096-42976ED18D92}.Debug|Any CPU.ActiveCfg = Debug|Any CPU
		{8BD3B0D8-6DAB-48FF-A096-42976ED18D92}.Debug|Any CPU.Build.0 = Debug|Any CPU
		{8BD3B0D8-6DAB-48FF-A096-42976ED18D92}.Release|Any CPU.ActiveCfg = Release|Any CPU
		{8BD3B0D8-6DAB-48FF-A096-42976ED18D92}.Release|Any CPU.Build.0 = Release|Any CPU
		{601CE516-4E8B-4BA3-A554-12C8B77B2CFC}.Debug|Any CPU.ActiveCfg = Debug|Any CPU
		{601CE516-4E8B-4BA3-A554-12C8B77B2CFC}.Debug|Any CPU.Build.0 = Debug|Any CPU
		{601CE516-4E8B-4BA3-A554-12C8B77B2CFC}.Release|Any CPU.ActiveCfg = Release|Any CPU
		{601CE516-4E8B-4BA3-A554-12C8B77B2CFC}.Release|Any CPU.Build.0 = Release|Any CPU
		{3B1D0806-4616-4AFF-9CA4-A1C7AF415105}.Debug|Any CPU.ActiveCfg = Debug|Any CPU
		{3B1D0806-4616-4AFF-9CA4-A1C7AF415105}.Debug|Any CPU.Build.0 = Debug|Any CPU
		{3B1D0806-4616-4AFF-9CA4-A1C7AF415105}.Release|Any CPU.ActiveCfg = Release|Any CPU
		{3B1D0806-4616-4AFF-9CA4-A1C7AF415105}.Release|Any CPU.Build.0 = Release|Any CPU
		{F9D90149-B35A-4C21-98E1-AF87B076FFEF}.Debug|Any CPU.ActiveCfg = Debug|Any CPU
		{F9D90149-B35A-4C21-98E1-AF87B076FFEF}.Debug|Any CPU.Build.0 = Debug|Any CPU
		{F9D90149-B35A-4C21-98E1-AF87B076FFEF}.Release|Any CPU.ActiveCfg = Release|Any CPU
		{F9D90149-B35A-4C21-98E1-AF87B076FFEF}.Release|Any CPU.Build.0 = Release|Any CPU
		{DBF3A1FA-D20A-4D10-8F81-6F2FF469376B}.Debug|Any CPU.ActiveCfg = Debug|Any CPU
		{DBF3A1FA-D20A-4D10-8F81-6F2FF469376B}.Debug|Any CPU.Build.0 = Debug|Any CPU
		{DBF3A1FA-D20A-4D10-8F81-6F2FF469376B}.Release|Any CPU.ActiveCfg = Release|Any CPU
		{DBF3A1FA-D20A-4D10-8F81-6F2FF469376B}.Release|Any CPU.Build.0 = Release|Any CPU
		{E9CCBF83-74AA-4B65-9484-68449C3FF456}.Debug|Any CPU.ActiveCfg = Debug|Any CPU
		{E9CCBF83-74AA-4B65-9484-68449C3FF456}.Debug|Any CPU.Build.0 = Debug|Any CPU
		{E9CCBF83-74AA-4B65-9484-68449C3FF456}.Release|Any CPU.ActiveCfg = Release|Any CPU
		{E9CCBF83-74AA-4B65-9484-68449C3FF456}.Release|Any CPU.Build.0 = Release|Any CPU
		{A84BAD7C-9A0D-440E-8836-A678305822A0}.Debug|Any CPU.ActiveCfg = Debug|Any CPU
		{A84BAD7C-9A0D-440E-8836-A678305822A0}.Debug|Any CPU.Build.0 = Debug|Any CPU
		{A84BAD7C-9A0D-440E-8836-A678305822A0}.Release|Any CPU.ActiveCfg = Release|Any CPU
		{A84BAD7C-9A0D-440E-8836-A678305822A0}.Release|Any CPU.Build.0 = Release|Any CPU
		{1B0A1C99-516A-4507-819D-BD917D11E489}.Debug|Any CPU.ActiveCfg = Debug|Any CPU
		{1B0A1C99-516A-4507-819D-BD917D11E489}.Debug|Any CPU.Build.0 = Debug|Any CPU
		{1B0A1C99-516A-4507-819D-BD917D11E489}.Release|Any CPU.ActiveCfg = Release|Any CPU
		{1B0A1C99-516A-4507-819D-BD917D11E489}.Release|Any CPU.Build.0 = Release|Any CPU
		{E65B4431-BD2F-4E0E-8C9A-8A2E914D1A78}.Debug|Any CPU.ActiveCfg = Debug|Any CPU
		{E65B4431-BD2F-4E0E-8C9A-8A2E914D1A78}.Debug|Any CPU.Build.0 = Debug|Any CPU
		{E65B4431-BD2F-4E0E-8C9A-8A2E914D1A78}.Release|Any CPU.ActiveCfg = Release|Any CPU
		{E65B4431-BD2F-4E0E-8C9A-8A2E914D1A78}.Release|Any CPU.Build.0 = Release|Any CPU
		{DC4F883D-3B14-4052-B74B-476853BB35C6}.Debug|Any CPU.ActiveCfg = Debug|Any CPU
		{DC4F883D-3B14-4052-B74B-476853BB35C6}.Debug|Any CPU.Build.0 = Debug|Any CPU
		{DC4F883D-3B14-4052-B74B-476853BB35C6}.Release|Any CPU.ActiveCfg = Release|Any CPU
		{DC4F883D-3B14-4052-B74B-476853BB35C6}.Release|Any CPU.Build.0 = Release|Any CPU
		{E38632D0-B26F-4D13-973D-94505805B39C}.Debug|Any CPU.ActiveCfg = Debug|Any CPU
		{E38632D0-B26F-4D13-973D-94505805B39C}.Debug|Any CPU.Build.0 = Debug|Any CPU
		{E38632D0-B26F-4D13-973D-94505805B39C}.Release|Any CPU.ActiveCfg = Release|Any CPU
		{E38632D0-B26F-4D13-973D-94505805B39C}.Release|Any CPU.Build.0 = Release|Any CPU
		{937348E8-A8F5-43DC-B8BF-F8A7028D612E}.Debug|Any CPU.ActiveCfg = Debug|Any CPU
		{937348E8-A8F5-43DC-B8BF-F8A7028D612E}.Debug|Any CPU.Build.0 = Debug|Any CPU
		{937348E8-A8F5-43DC-B8BF-F8A7028D612E}.Release|Any CPU.ActiveCfg = Release|Any CPU
		{937348E8-A8F5-43DC-B8BF-F8A7028D612E}.Release|Any CPU.Build.0 = Release|Any CPU
	EndGlobalSection
	GlobalSection(SolutionProperties) = preSolution
		HideSolutionNode = FALSE
	EndGlobalSection
	GlobalSection(NestedProjects) = preSolution
		{F0C1EEEE-D01A-47CD-AED1-D0AE2784F618} = {5C3DCEF7-7280-4828-A02E-E3C30CB7B767}
		{3632468E-E911-4A9B-B087-381457467F8C} = {5C3DCEF7-7280-4828-A02E-E3C30CB7B767}
		{32FB7D86-B951-49E5-9092-F8D2F40A9A3F} = {5C3DCEF7-7280-4828-A02E-E3C30CB7B767}
		{48E28AB7-7A89-4D74-9AF0-87855107BE38} = {5C3DCEF7-7280-4828-A02E-E3C30CB7B767}
		{138356B1-EDA1-4BBF-8326-BA13F2395DEF} = {67D801F1-5398-41A3-8A62-E057354BFE47}
		{AD48EF2B-9B13-4B4F-99C3-FBCF85262CDE} = {67D801F1-5398-41A3-8A62-E057354BFE47}
		{1F18E6C3-C7A5-48B2-9C88-16F08919F794} = {5C3DCEF7-7280-4828-A02E-E3C30CB7B767}
		{72BA85EA-FC82-41E8-B19F-E4E25E830127} = {5C3DCEF7-7280-4828-A02E-E3C30CB7B767}
		{56AFAAB9-9E98-429D-996C-1F4DB453C7B9} = {5C3DCEF7-7280-4828-A02E-E3C30CB7B767}
		{A7EF628C-D216-48CD-B073-3E82D73AED68} = {5C3DCEF7-7280-4828-A02E-E3C30CB7B767}
		{CEBB7092-F270-42CA-86DC-786663F9DEA9} = {5C3DCEF7-7280-4828-A02E-E3C30CB7B767}
		{D33BE4FA-2D01-43D6-931F-4D8F6C787CCD} = {5C3DCEF7-7280-4828-A02E-E3C30CB7B767}
		{22E736DE-B761-4596-9387-1BB8ABC775AB} = {5C3DCEF7-7280-4828-A02E-E3C30CB7B767}
		{FA1F8B65-4899-4386-8733-27704B18069C} = {67D801F1-5398-41A3-8A62-E057354BFE47}
		{177545FB-2D71-4A45-9118-89B4AC6AB115} = {67D801F1-5398-41A3-8A62-E057354BFE47}
		{FA63D7D4-8AE2-4407-9D0A-CFAE458FF881} = {7C9CD44B-0E7E-44AD-A1B0-C4E5AF4DD155}
		{B46E50FA-1A43-49BE-BE8B-27F744DACC5E} = {034317D7-D2CB-478B-BB2F-A89C7742DFD2}
		{1DB8CF19-6612-4DE2-BFED-2CC2A566A8D5} = {034317D7-D2CB-478B-BB2F-A89C7742DFD2}
		{222543BD-0259-4EED-ACEF-97A1892AB56A} = {5C3DCEF7-7280-4828-A02E-E3C30CB7B767}
		{CEDE8E42-04D9-4A5A-824A-F0BDE0CC10F3} = {7C9CD44B-0E7E-44AD-A1B0-C4E5AF4DD155}
		{7BB9E98D-3A57-49D9-88EE-50C7DDCFFFA5} = {7C9CD44B-0E7E-44AD-A1B0-C4E5AF4DD155}
		{F9060B8B-E308-4CB5-AAC7-8B9D7FA2B0EF} = {7C9CD44B-0E7E-44AD-A1B0-C4E5AF4DD155}
		{15BB3A09-A198-4695-8C8F-9AE6CF27CF3C} = {7C9CD44B-0E7E-44AD-A1B0-C4E5AF4DD155}
		{8007D967-CA7C-4731-914A-76F1C28F3FED} = {7C9CD44B-0E7E-44AD-A1B0-C4E5AF4DD155}
		{00087801-B38A-4C2F-908C-B33B0F4F9478} = {7C9CD44B-0E7E-44AD-A1B0-C4E5AF4DD155}
		{BA0D3EE9-F8AE-4AAE-B691-8B2558F1DEAF} = {7C9CD44B-0E7E-44AD-A1B0-C4E5AF4DD155}
		{F87265AD-3717-41B4-BCF0-BCFD13832710} = {5D01CD82-7534-4DEE-8E29-E62F8AA129A5}
		{BBD3CFA1-3444-4E24-A3FB-52B6EF054694} = {5D01CD82-7534-4DEE-8E29-E62F8AA129A5}
		{33937BAE-2FA1-48E8-8C8B-F4A1682F0494} = {5C3DCEF7-7280-4828-A02E-E3C30CB7B767}
		{F9D90149-B35A-4C21-98E1-AF87B076FFEF} = {7C9CD44B-0E7E-44AD-A1B0-C4E5AF4DD155}
		{A84BAD7C-9A0D-440E-8836-A678305822A0} = {5C3DCEF7-7280-4828-A02E-E3C30CB7B767}
		{256057FC-70D8-4B16-84DE-42E8A095860A} = {CB557DB7-EB70-4646-8F07-55551BA6C0C6}
		{1B0A1C99-516A-4507-819D-BD917D11E489} = {256057FC-70D8-4B16-84DE-42E8A095860A}
		{E65B4431-BD2F-4E0E-8C9A-8A2E914D1A78} = {256057FC-70D8-4B16-84DE-42E8A095860A}
		{DC4F883D-3B14-4052-B74B-476853BB35C6} = {256057FC-70D8-4B16-84DE-42E8A095860A}
		{E38632D0-B26F-4D13-973D-94505805B39C} = {256057FC-70D8-4B16-84DE-42E8A095860A}
		{937348E8-A8F5-43DC-B8BF-F8A7028D612E} = {256057FC-70D8-4B16-84DE-42E8A095860A}
	EndGlobalSection
	GlobalSection(ExtensibilityGlobals) = postSolution
		SolutionGuid = {122BC2CE-3BE6-4648-A23E-E7C1B0A725E1}
	EndGlobalSection
EndGlobal
